
Microsoft Visual Studio Solution File, Format Version 12.00
# Visual Studio 15
VisualStudioVersion = 15.0.28010.0
MinimumVisualStudioVersion = 10.0.40219.1
Project("{8BC9CEB8-8B4A-11D0-8D11-00A0C91BC942}") = "NBEL_CPP_DAL", "NBEL_CPP_DAL\NBEL_CPP_DAL.vcproj", "{BEAED4AB-7C9D-44F7-90DD-479569410E72}"
EndProject
Project("{8BC9CEB8-8B4A-11D0-8D11-00A0C91BC942}") = "nbel_cpp_tester", "nbel_cpp_tester\nbel_cpp_tester.vcproj", "{D3C23489-BD4E-48FC-BA2A-943976DDA372}"
EndProject
Global
	GlobalSection(SolutionConfigurationPlatforms) = preSolution
		Debug|Any CPU = Debug|Any CPU
		Debug|Mixed Platforms = Debug|Mixed Platforms
		Debug|Win32 = Debug|Win32
		Release|Any CPU = Release|Any CPU
		Release|Mixed Platforms = Release|Mixed Platforms
		Release|Win32 = Release|Win32
	EndGlobalSection
	GlobalSection(ProjectConfigurationPlatforms) = postSolution
		{BEAED4AB-7C9D-44F7-90DD-479569410E72}.Debug|Any CPU.ActiveCfg = Debug|Win32
		{BEAED4AB-7C9D-44F7-90DD-479569410E72}.Debug|Mixed Platforms.ActiveCfg = Debug|Win32
		{BEAED4AB-7C9D-44F7-90DD-479569410E72}.Debug|Mixed Platforms.Build.0 = Debug|Win32
		{BEAED4AB-7C9D-44F7-90DD-479569410E72}.Debug|Win32.ActiveCfg = Debug|Win32
		{BEAED4AB-7C9D-44F7-90DD-479569410E72}.Debug|Win32.Build.0 = Debug|Win32
		{BEAED4AB-7C9D-44F7-90DD-479569410E72}.Release|Any CPU.ActiveCfg = Release|Win32
		{BEAED4AB-7C9D-44F7-90DD-479569410E72}.Release|Mixed Platforms.ActiveCfg = Release|Win32
		{BEAED4AB-7C9D-44F7-90DD-479569410E72}.Release|Mixed Platforms.Build.0 = Release|Win32
		{BEAED4AB-7C9D-44F7-90DD-479569410E72}.Release|Win32.ActiveCfg = Release|Win32
		{BEAED4AB-7C9D-44F7-90DD-479569410E72}.Release|Win32.Build.0 = Release|Win32
		{D3C23489-BD4E-48FC-BA2A-943976DDA372}.Debug|Any CPU.ActiveCfg = Debug|Win32
		{D3C23489-BD4E-48FC-BA2A-943976DDA372}.Debug|Mixed Platforms.ActiveCfg = Debug|Win32
		{D3C23489-BD4E-48FC-BA2A-943976DDA372}.Debug|Mixed Platforms.Build.0 = Debug|Win32
		{D3C23489-BD4E-48FC-BA2A-943976DDA372}.Debug|Win32.ActiveCfg = Debug|Win32
		{D3C23489-BD4E-48FC-BA2A-943976DDA372}.Debug|Win32.Build.0 = Debug|Win32
		{D3C23489-BD4E-48FC-BA2A-943976DDA372}.Release|Any CPU.ActiveCfg = Release|Win32
		{D3C23489-BD4E-48FC-BA2A-943976DDA372}.Release|Mixed Platforms.ActiveCfg = Release|Win32
		{D3C23489-BD4E-48FC-BA2A-943976DDA372}.Release|Mixed Platforms.Build.0 = Release|Win32
		{D3C23489-BD4E-48FC-BA2A-943976DDA372}.Release|Win32.ActiveCfg = Release|Win32
		{D3C23489-BD4E-48FC-BA2A-943976DDA372}.Release|Win32.Build.0 = Release|Win32
	EndGlobalSection
	GlobalSection(SolutionProperties) = preSolution
		HideSolutionNode = FALSE
	EndGlobalSection
	GlobalSection(ExtensibilityGlobals) = postSolution
		SolutionGuid = {A3CC8AB1-0BD8-48D7-9C0E-456FE9F1B9C7}
	EndGlobalSection
EndGlobal
